[[package]]
category = "dev"
description = "Discover and load entry points from installed packages."
name = "entrypoints"
optional = false
python-versions = ">=2.7"
version = "0.3"

[[package]]
category = "dev"
description = "the modular source code checker: pep8, pyflakes and co"
name = "flake8"
optional = false
python-versions = ">=2.7, !=3.0.*, !=3.1.*, !=3.2.*, !=3.3.*"
version = "3.7.9"

[package.dependencies]
entrypoints = ">=0.3.0,<0.4.0"
mccabe = ">=0.6.0,<0.7.0"
pycodestyle = ">=2.5.0,<2.6.0"
pyflakes = ">=2.1.0,<2.2.0"

[[package]]
category = "main"
description = "Freetype python bindings"
name = "freetype-py"
optional = false
python-versions = "*"
version = "2.1.0.post1"

[[package]]
category = "dev"
description = "McCabe checker, plugin for flake8"
name = "mccabe"
optional = false
python-versions = "*"
version = "0.6.1"

[[package]]
category = "main"
description = "NumPy is the fundamental package for array computing with Python."
name = "numpy"
optional = false
python-versions = ">=3.5"
version = "1.17.4"

[[package]]
category = "dev"
description = "Python style guide checker"
name = "pycodestyle"
optional = false
python-versions = ">=2.7, !=3.0.*, !=3.1.*, !=3.2.*, !=3.3.*"
version = "2.5.0"

[[package]]
category = "dev"
description = "passive checker of Python programs"
name = "pyflakes"
optional = false
python-versions = ">=2.7, !=3.0.*, !=3.1.*, !=3.2.*, !=3.3.*"
version = "2.1.1"

[[package]]
category = "main"
description = "Python bindings for the Qt cross platform UI and application toolkit"
name = "pyqt5"
optional = false
python-versions = "*"
version = "5.13.1"

[package.dependencies]
PyQt5_sip = ">=4.19.19,<13"

[[package]]
category = "main"
description = "The sip module support for PyQt5"
name = "pyqt5-sip"
optional = false
python-versions = ">=3.5"
version = "12.7.0"

[[package]]
category = "dev"
description = "PEP561 stub files for the PyQt5 framework"
name = "pyqt5-stubs"
optional = false
python-versions = "*"
version = "5.13.1.3"

[package.dependencies]
PyQt5 = "5.13.1"

[[package]]
category = "main"
description = "Python Serial Port Extension"
name = "pyserial"
optional = false
python-versions = "*"
version = "3.4"

[[package]]
category = "main"
description = "Interactive visualization in Python"
name = "vispy"
optional = false
python-versions = ">=2.7,!=3.0.*,!=3.1.*,!=3.2.*,!=3.3.*,!=3.4.*"
version = "0.6.3"

[package.dependencies]
freetype-py = "*"
numpy = "*"
setuptools = "*"

[package.extras]
doc = ["sphinx-bootstrap-theme", "numpydoc"]
ipython-static = ["ipython"]
ipython-vnc = ["ipython (>=7)"]
ipython-webgl = ["ipywidgets (>=7.0)", "ipython (>=7)", "tornado"]
pyglet = ["pyglet (>=1.2)"]
pyqt5 = ["pyqt5"]
pyside = ["pyside"]
pyside2 = ["pyside2"]
sdl2 = ["pysdl2"]
wx = ["wxpython"]

[metadata]
content-hash = "9f5bb15229fd36f8be59e20988ed369ebccf57a2241e10f55e1b315a09de8873"
python-versions = "^3.8"

[metadata.files]
entrypoints = [
    {file = "entrypoints-0.3-py2.py3-none-any.whl", hash = "sha256:589f874b313739ad35be6e0cd7efde2a4e9b6fea91edcc34e58ecbb8dbe56d19"},
    {file = "entrypoints-0.3.tar.gz", hash = "sha256:c70dd71abe5a8c85e55e12c19bd91ccfeec11a6e99044204511f9ed547d48451"},
]
flake8 = [
    {file = "flake8-3.7.9-py2.py3-none-any.whl", hash = "sha256:49356e766643ad15072a789a20915d3c91dc89fd313ccd71802303fd67e4deca"},
    {file = "flake8-3.7.9.tar.gz", hash = "sha256:45681a117ecc81e870cbf1262835ae4af5e7a8b08e40b944a8a6e6b895914cfb"},
]
freetype-py = [
    {file = "freetype-py-2.1.0.post1.tar.gz", hash = "sha256:76383bb3e59efa6ce0be1797ed70207d7d1e421611df3aceb269673c4a77c2cc"},
    {file = "freetype_py-2.1.0.post1-py2.py3-none-any.whl", hash = "sha256:0f14ffc1715e3d0f01e7c9d07980b10b7143595d9322bb6da3fc74db5251fa8c"},
    {file = "freetype_py-2.1.0.post1-py2.py3-none-macosx_10_6_intel.macosx_10_9_intel.macosx_10_9_x86_64.macosx_10_10_intel.macosx_10_10_x86_64.whl", hash = "sha256:2fa866dd3d8beb73d03f0cf6b7cc51d0cd0ab9c8674c1d8bee2a1b299ee0731c"},
    {file = "freetype_py-2.1.0.post1-py2.py3-none-manylinux1_i686.whl", hash = "sha256:be7a97a964a23d41d7eed4fc834b243871845115728ef41390b9efede588e854"},
    {file = "freetype_py-2.1.0.post1-py2.py3-none-manylinux1_x86_64.whl", hash = "sha256:84e9879bb5f87dc1eb5342230a13e7ea10f520aa06a4d1c7b298208bbac08110"},
    {file = "freetype_py-2.1.0.post1-py2.py3-none-win32.whl", hash = "sha256:d179759b245bb01f5603acd071aea99d97d993a28c4e71fdc4bd7530c49931f9"},
    {file = "freetype_py-2.1.0.post1-py2.py3-none-win_amd64.whl", hash = "sha256:eda77d57acdfe74d1cf3958b5fb5aaea21a2866f4e8d7632c06123d6014f9e0c"},
]
mccabe = [
    {file = "mccabe-0.6.1-py2.py3-none-any.whl", hash = "sha256:ab8a6258860da4b6677da4bd2fe5dc2c659cff31b3ee4f7f5d64e79735b80d42"},
    {file = "mccabe-0.6.1.tar.gz", hash = "sha256:dd8d182285a0fe56bace7f45b5e7d1a6ebcbf524e8f3bd87eb0f125271b8831f"},
]
numpy = [
    {file = "numpy-1.17.4-cp35-cp35m-macosx_10_6_intel.whl", hash = "sha256:ede47b98de79565fcd7f2decb475e2dcc85ee4097743e551fe26cfc7eb3ff143"},
    {file = "numpy-1.17.4-cp35-cp35m-manylinux1_i686.whl", hash = "sha256:43bb4b70585f1c2d153e45323a886839f98af8bfa810f7014b20be714c37c447"},
    {file = "numpy-1.17.4-cp35-cp35m-manylinux1_x86_64.whl", hash = "sha256:c7354e8f0eca5c110b7e978034cd86ed98a7a5ffcf69ca97535445a595e07b8e"},
    {file = "numpy-1.17.4-cp35-cp35m-win32.whl", hash = "sha256:64874913367f18eb3013b16123c9fed113962e75d809fca5b78ebfbb73ed93ba"},
    {file = "numpy-1.17.4-cp35-cp35m-win_amd64.whl", hash = "sha256:6ca4000c4a6f95a78c33c7dadbb9495c10880be9c89316aa536eac359ab820ae"},
    {file = "numpy-1.17.4-cp36-cp36m-macosx_10_9_x86_64.whl", hash = "sha256:75fd817b7061f6378e4659dd792c84c0b60533e867f83e0d1e52d5d8e53df88c"},
    {file = "numpy-1.17.4-cp36-cp36m-manylinux1_i686.whl", hash = "sha256:7d81d784bdbed30137aca242ab307f3e65c8d93f4c7b7d8f322110b2e90177f9"},
    {file = "numpy-1.17.4-cp36-cp36m-manylinux1_x86_64.whl", hash = "sha256:fe39f5fd4103ec4ca3cb8600b19216cd1ff316b4990f4c0b6057ad982c0a34d5"},
    {file = "numpy-1.17.4-cp36-cp36m-win32.whl", hash = "sha256:e467c57121fe1b78a8f68dd9255fbb3bb3f4f7547c6b9e109f31d14569f490c3"},
    {file = "numpy-1.17.4-cp36-cp36m-win_amd64.whl", hash = "sha256:8d0af8d3664f142414fd5b15cabfd3b6cc3ef242a3c7a7493257025be5a6955f"},
    {file = "numpy-1.17.4-cp37-cp37m-macosx_10_9_x86_64.whl", hash = "sha256:9679831005fb16c6df3dd35d17aa31dc0d4d7573d84f0b44cc481490a65c7725"},
    {file = "numpy-1.17.4-cp37-cp37m-manylinux1_i686.whl", hash = "sha256:acbf5c52db4adb366c064d0b7c7899e3e778d89db585feadd23b06b587d64761"},
    {file = "numpy-1.17.4-cp37-cp37m-manylinux1_x86_64.whl", hash = "sha256:3d52298d0be333583739f1aec9026f3b09fdfe3ddf7c7028cb16d9d2af1cca7e"},
    {file = "numpy-1.17.4-cp37-cp37m-win32.whl", hash = "sha256:475963c5b9e116c38ad7347e154e5651d05a2286d86455671f5b1eebba5feb76"},
    {file = "numpy-1.17.4-cp37-cp37m-win_amd64.whl", hash = "sha256:0c0763787133dfeec19904c22c7e358b231c87ba3206b211652f8cbe1241deb6"},
    {file = "numpy-1.17.4-cp38-cp38-macosx_10_9_x86_64.whl", hash = "sha256:683828e50c339fc9e68720396f2de14253992c495fdddef77a1e17de55f1decc"},
    {file = "numpy-1.17.4-cp38-cp38-manylinux1_i686.whl", hash = "sha256:e2e9d8c87120ba2c591f60e32736b82b67f72c37ba88a4c23c81b5b8fa49c018"},
    {file = "numpy-1.17.4-cp38-cp38-manylinux1_x86_64.whl", hash = "sha256:a8f67ebfae9f575d85fa859b54d3bdecaeece74e3274b0b5c5f804d7ca789fe1"},
    {file = "numpy-1.17.4-cp38-cp38-win32.whl", hash = "sha256:0a7a1dd123aecc9f0076934288ceed7fd9a81ba3919f11a855a7887cbe82a02f"},
    {file = "numpy-1.17.4-cp38-cp38-win_amd64.whl", hash = "sha256:ada4805ed51f5bcaa3a06d3dd94939351869c095e30a2b54264f5a5004b52170"},
    {file = "numpy-1.17.4.zip", hash = "sha256:f58913e9227400f1395c7b800503ebfdb0772f1c33ff8cb4d6451c06cabdf316"},
]
pycodestyle = [
    {file = "pycodestyle-2.5.0-py2.py3-none-any.whl", hash = "sha256:95a2219d12372f05704562a14ec30bc76b05a5b297b21a5dfe3f6fac3491ae56"},
    {file = "pycodestyle-2.5.0.tar.gz", hash = "sha256:e40a936c9a450ad81df37f549d676d127b1b66000a6c500caa2b085bc0ca976c"},
]
pyflakes = [
    {file = "pyflakes-2.1.1-py2.py3-none-any.whl", hash = "sha256:17dbeb2e3f4d772725c777fabc446d5634d1038f234e77343108ce445ea69ce0"},
    {file = "pyflakes-2.1.1.tar.gz", hash = "sha256:d976835886f8c5b31d47970ed689944a0262b5f3afa00a5a7b4dc81e5449f8a2"},
]
pyqt5 = [
    {file = "PyQt5-5.13.1-5.13.1-cp35.cp36.cp37.cp38-abi3-macosx_10_6_intel.whl", hash = "sha256:73f982b60819cc6d7cb0007b8b0cd11073e2546d74e0463726149e6a9d087caa"},
    {file = "PyQt5-5.13.1-5.13.1-cp35.cp36.cp37.cp38-abi3-manylinux1_x86_64.whl", hash = "sha256:f8e76070782e68ba200eb2b67babf89ac629df5e36d2f4c680ef34ae40c8f964"},
    {file = "PyQt5-5.13.1-5.13.1-cp35.cp36.cp37.cp38-none-win32.whl", hash = "sha256:6420d8c9de8746917bd2afe24f29b3722aabde36d1e9f8c34354f5b7fb7b987d"},
    {file = "PyQt5-5.13.1-5.13.1-cp35.cp36.cp37.cp38-none-win_amd64.whl", hash = "sha256:8e6125f110133069e8f4a085022cfc6b4a0af5b3c9009999a749007c299e965d"},
]
pyqt5-sip = [
    {file = "PyQt5_sip-12.7.0-cp35-cp35m-macosx_10_6_intel.whl", hash = "sha256:1910c1cb5a388d4e59ebb2895d7015f360f3f6eeb1700e7e33e866c53137eb9e"},
    {file = "PyQt5_sip-12.7.0-cp35-cp35m-manylinux1_x86_64.whl", hash = "sha256:b43ba2f18999d41c3df72f590348152e14cd4f6dcea2058c734d688dfb1ec61f"},
    {file = "PyQt5_sip-12.7.0-cp35-cp35m-win32.whl", hash = "sha256:fabff832046643cdb93920ddaa8f77344df90768930fbe6bb33d211c4dcd0b5e"},
    {file = "PyQt5_sip-12.7.0-cp35-cp35m-win_amd64.whl", hash = "sha256:8274ed50f4ffbe91d0f4cc5454394631edfecd75dc327aa01be8bc5818a57e88"},
    {file = "PyQt5_sip-12.7.0-cp36-cp36m-macosx_10_6_intel.whl", hash = "sha256:ef3c7a0bf78674b0dda86ff5809d8495019903a096c128e1f160984b37848f73"},
    {file = "PyQt5_sip-12.7.0-cp36-cp36m-manylinux1_x86_64.whl", hash = "sha256:3c330ff1f70b3eaa6f63dce9274df996dffea82ad9726aa8e3d6cbe38e986b2f"},
    {file = "PyQt5_sip-12.7.0-cp36-cp36m-win32.whl", hash = "sha256:9047d887d97663790d811ac4e0d2e895f1bf2ecac4041691487de40c30239480"},
    {file = "PyQt5_sip-12.7.0-cp36-cp36m-win_amd64.whl", hash = "sha256:9f6ab1417ecfa6c1ce6ce941e0cebc03e3ec9cd9925058043229a5f003ae5e40"},
    {file = "PyQt5_sip-12.7.0-cp37-cp37m-macosx_10_9_x86_64.whl", hash = "sha256:06bc66b50556fb949f14875a4c224423dbf03f972497ccb883fb19b7b7c3b346"},
    {file = "PyQt5_sip-12.7.0-cp37-cp37m-manylinux1_x86_64.whl", hash = "sha256:482a910fa73ee0e36c258d7646ef38f8061774bbc1765a7da68c65056b573341"},
    {file = "PyQt5_sip-12.7.0-cp37-cp37m-win32.whl", hash = "sha256:1c7ad791ec86247f35243bbbdd29cd59989afbe0ab678e0a41211f4407f21dd8"},
    {file = "PyQt5_sip-12.7.0-cp37-cp37m-win_amd64.whl", hash = "sha256:da69ba17f6ece9a85617743cb19de689f2d63025bf8001e2facee2ec9bcff18f"},
    {file = "PyQt5_sip-12.7.0-cp38-cp38-macosx_10_9_x86_64.whl", hash = "sha256:02d94786bada670ab17a2b62ce95b3cf8e3b40c99d36007593a6334d551840bb"},
    {file = "PyQt5_sip-12.7.0-cp38-cp38-manylinux1_x86_64.whl", hash = "sha256:c3ab9ea1bc3f4ce8c57ebc66fb25cd044ef92ed1ca2afa3729854ecc59658905"},
    {file = "PyQt5_sip-12.7.0-cp38-cp38-win32.whl", hash = "sha256:7695dfafb4f5549ce1290ae643d6508dfc2646a9003c989218be3ce42a1aa422"},
    {file = "PyQt5_sip-12.7.0-cp38-cp38-win_amd64.whl", hash = "sha256:091fbbe10a7aebadc0e8897a9449cda08d3c3f663460d812eca3001ca1ed3526"},
    {file = "PyQt5_sip-12.7.0.tar.gz", hash = "sha256:0a067ade558befe4d46335b13d8b602b5044363bfd601419b556d4ec659bca18"},
]
pyqt5-stubs = [
    {file = "PyQt5-stubs-5.13.1.3.tar.gz", hash = "sha256:d1ebd54d12a71edb89b74ee8f5698dcf964946e56464156cc09f82b7b438cd7c"},
]
pyserial = [
    {file = "pyserial-3.4-py2.py3-none-any.whl", hash = "sha256:e0770fadba80c31013896c7e6ef703f72e7834965954a78e71a3049488d4d7d8"},
    {file = "pyserial-3.4.tar.gz", hash = "sha256:6e2d401fdee0eab996cf734e67773a0143b932772ca8b42451440cfed942c627"},
]
vispy = [
    {file = "vispy-0.6.3-cp35-cp35m-macosx_10_6_intel.whl", hash = "sha256:357243a56e5f87bf8f866923ba2fc7b82a20f52ae01a8dc727063919b98224c4"},
    {file = "vispy-0.6.3-cp35-cp35m-manylinux1_i686.whl", hash = "sha256:533ae6466689962606ea3ba897969fad08946f4f13a2d2bc1242054b7541c988"},
    {file = "vispy-0.6.3-cp35-cp35m-manylinux1_x86_64.whl", hash = "sha256:95796859bafd48e0620762a715be597230cec5e9c0e79e18297d1f1f9a91f6ec"},
    {file = "vispy-0.6.3-cp35-cp35m-manylinux2010_i686.whl", hash = "sha256:e34805cc30eb2e772ef75b4668552946684a6fd190e2e6cd9afef0dc9712806b"},
    {file = "vispy-0.6.3-cp35-cp35m-manylinux2010_x86_64.whl", hash = "sha256:8a6d2674f5187d4b9f76395c7429071578930a1498b2a3f27c9b79dcada1aad6"},
    {file = "vispy-0.6.3-cp35-cp35m-win32.whl", hash = "sha256:8e7b8da4a37401dc1a6c6d059a9fa9be29116a1f1456209eba5543737277a294"},
    {file = "vispy-0.6.3-cp35-cp35m-win_amd64.whl", hash = "sha256:37b2cd7cf39847b07d1e522f55fc050936b52abdd0538f3b09f26aafa4f28915"},
    {file = "vispy-0.6.3-cp36-cp36m-macosx_10_6_intel.whl", hash = "sha256:071a7cd931e447e44951b3003c19f627fd556d4a8d7212dee469f65af727f1f9"},
    {file = "vispy-0.6.3-cp36-cp36m-manylinux1_i686.whl", hash = "sha256:186140c0839d59ab903c848eb4ac9a011fb460f410b2aabde3470a332818128c"},
    {file = "vispy-0.6.3-cp36-cp36m-manylinux1_x86_64.whl", hash = "sha256:5fff204f11636e662ab354e3053bf01abdfa5da58d859b6de3610e711eb1b6ae"},
    {file = "vispy-0.6.3-cp36-cp36m-manylinux2010_i686.whl", hash = "sha256:cc3beec751b213218a361b1dbf1d4ec5f0a2100f73dbfd75150e1c049d707d0f"},
    {file = "vispy-0.6.3-cp36-cp36m-manylinux2010_x86_64.whl", hash = "sha256:d67fde605ebbc4f7fb715ce413a30a4c835806e8f8dbe44e8e00fc7adbb8d4f3"},
    {file = "vispy-0.6.3-cp36-cp36m-win32.whl", hash = "sha256:49a8cdcfab6321b3544271270b1ead7eda6f6fd226bdcb389449e6f07c0b5e32"},
    {file = "vispy-0.6.3-cp36-cp36m-win_amd64.whl", hash = "sha256:aeddf629e1841e3818b9a2342d3fa08aad8237a153ad446e5b4a35e6112b5c51"},
    {file = "vispy-0.6.3-cp37-cp37m-macosx_10_6_intel.whl", hash = "sha256:4d563b84442277330d040bbd8f0e96c3479d8fbf840927e94988881fd1db58cf"},
    {file = "vispy-0.6.3-cp37-cp37m-manylinux1_i686.whl", hash = "sha256:864a197ec8e80b4a469698e735455c8f52464f7ee885be3ed59dd21a5f65a759"},
    {file = "vispy-0.6.3-cp37-cp37m-manylinux1_x86_64.whl", hash = "sha256:249eceed6dbdc212e02f524e5d9c4fa3e2cc6e1f142e599b03772efb31d7f631"},
    {file = "vispy-0.6.3-cp37-cp37m-manylinux2010_i686.whl", hash = "sha256:5df9e82d5feefbe5ab14d509ca1061e240e1889087fbeb04c2677a3971bc9cb2"},
    {file = "vispy-0.6.3-cp37-cp37m-manylinux2010_x86_64.whl", hash = "sha256:4ace7a964c42cffda0f7710bd964516913daa81006f9df91e1507567b32983d9"},
    {file = "vispy-0.6.3-cp37-cp37m-win32.whl", hash = "sha256:37f9e9b3ed1ce1ef219e4f5e421483445c5ebc4ed60db04f2fe26aee14033eeb"},
    {file = "vispy-0.6.3-cp37-cp37m-win_amd64.whl", hash = "sha256:0df64e33658b328cf4bb54d24954b3a6159b2b224086e7d2c98450a6dc81a70b"},
    {file = "vispy-0.6.3.tar.gz", hash = "sha256:61527d5aa22ac54e2439208a6d062a5d81d685eb558a932753e6f2d6e4fd5a10"},
]
